
Microsoft Visual Studio Solution File, Format Version 12.00
# Visual Studio Version 17
VisualStudioVersion = 17.8.34330.188
MinimumVisualStudioVersion = 10.0.40219.1
Project("{FAE04EC0-301F-11D3-BF4B-00C04F79EFBC}") = "Bloody_Shapes", "Bloody_Shapes.csproj", "{AEA51975-D659-4A50-B96A-27173CEC7212}"
EndProject
Global
	GlobalSection(SolutionConfigurationPlatforms) = preSolution
		Debug|Any CPU = Debug|Any CPU
		Release|Any CPU = Release|Any CPU
	EndGlobalSection
	GlobalSection(ProjectConfigurationPlatforms) = postSolution
		{AEA51975-D659-4A50-B96A-27173CEC7212}.Debug|Any CPU.ActiveCfg = Debug|Any CPU
		{AEA51975-D659-4A50-B96A-27173CEC7212}.Debug|Any CPU.Build.0 = Debug|Any CPU
		{AEA51975-D659-4A50-B96A-27173CEC7212}.Release|Any CPU.ActiveCfg = Release|Any CPU
		{AEA51975-D659-4A50-B96A-27173CEC7212}.Release|Any CPU.Build.0 = Release|Any CPU
	EndGlobalSection
	GlobalSection(SolutionProperties) = preSolution
		HideSolutionNode = FALSE
	EndGlobalSection
	GlobalSection(ExtensibilityGlobals) = postSolution
		SolutionGuid = {CE922DF3-6FAA-4A84-96CB-5B7DA521C0D5}
	EndGlobalSection
EndGlobal
